
Microsoft Visual Studio Solution File, Format Version 12.00
Project("{FAE04EC0-301F-11D3-BF4B-00C04F79EFBC}") = "ADS.Cli", "ADS.Cli\ADS.Cli.csproj", "{10947407-155E-4986-A3FA-027B9F07612E}"
EndProject
Project("{FAE04EC0-301F-11D3-BF4B-00C04F79EFBC}") = "ADS.DataStructures.Lists", "ADS.DataStructures.Lists\ADS.DataStructures.Lists.csproj", "{6C4CB9B8-8BB0-4971-90F6-2D0D34111704}"
EndProject
Project("{FAE04EC0-301F-11D3-BF4B-00C04F79EFBC}") = "ADS.DataStructures.Trees", "ADS.DataStructures.Trees\ADS.DataStructures.Trees.csproj", "{DA09A1AB-AFEE-4B43-9737-F3A2709F87D5}"
EndProject
Global
	GlobalSection(SolutionConfigurationPlatforms) = preSolution
		Debug|Any CPU = Debug|Any CPU
		Release|Any CPU = Release|Any CPU
	EndGlobalSection
	GlobalSection(ProjectConfigurationPlatforms) = postSolution
		{10947407-155E-4986-A3FA-027B9F07612E}.Debug|Any CPU.ActiveCfg = Debug|Any CPU
		{10947407-155E-4986-A3FA-027B9F07612E}.Debug|Any CPU.Build.0 = Debug|Any CPU
		{10947407-155E-4986-A3FA-027B9F07612E}.Release|Any CPU.ActiveCfg = Release|Any CPU
		{10947407-155E-4986-A3FA-027B9F07612E}.Release|Any CPU.Build.0 = Release|Any CPU
		{6C4CB9B8-8BB0-4971-90F6-2D0D34111704}.Debug|Any CPU.ActiveCfg = Debug|Any CPU
		{6C4CB9B8-8BB0-4971-90F6-2D0D34111704}.Debug|Any CPU.Build.0 = Debug|Any CPU
		{6C4CB9B8-8BB0-4971-90F6-2D0D34111704}.Release|Any CPU.ActiveCfg = Release|Any CPU
		{6C4CB9B8-8BB0-4971-90F6-2D0D34111704}.Release|Any CPU.Build.0 = Release|Any CPU
		{DA09A1AB-AFEE-4B43-9737-F3A2709F87D5}.Debug|Any CPU.ActiveCfg = Debug|Any CPU
		{DA09A1AB-AFEE-4B43-9737-F3A2709F87D5}.Debug|Any CPU.Build.0 = Debug|Any CPU
		{DA09A1AB-AFEE-4B43-9737-F3A2709F87D5}.Release|Any CPU.ActiveCfg = Release|Any CPU
		{DA09A1AB-AFEE-4B43-9737-F3A2709F87D5}.Release|Any CPU.Build.0 = Release|Any CPU
	EndGlobalSection
EndGlobal
